// !$*UTF8*$!
{
	archiveVersion = 1;
	classes = {
	};
	objectVersion = 46;
	objects = {

/* Begin PBXBuildFile section */
		2DE7925D16032BD0AB5F8291 /* YMAOperationDetailsModel.h in Headers */ = {isa = PBXBuildFile; fileRef = 2DE794A649279376C6AB9585 /* YMAOperationDetailsModel.h */; };
		2DE7992C873452AA3FC5DC43 /* YMAOperationDetailsModel.m in Sources */ = {isa = PBXBuildFile; fileRef = 2DE79556322AA7E70F71D29B /* YMAOperationDetailsModel.m */; };
		2DE79A3FE58C4A31226E800F /* YMAOperationDetailsModel.h in Headers */ = {isa = PBXBuildFile; fileRef = 2DE794A649279376C6AB9585 /* YMAOperationDetailsModel.h */; };
		2DE79C582CC9E728011BC5E4 /* YMAOperationDetailsModel.m in Sources */ = {isa = PBXBuildFile; fileRef = 2DE79556322AA7E70F71D29B /* YMAOperationDetailsModel.m */; };
		4399F2DA192EDCAC00CB1B49 /* YMAHistoryOperationsResponse.h in Headers */ = {isa = PBXBuildFile; fileRef = 4399F2D6192EDCAC00CB1B49 /* YMAHistoryOperationsResponse.h */; };
		4399F2DB192EDCAC00CB1B49 /* YMAHistoryOperationsResponse.m in Sources */ = {isa = PBXBuildFile; fileRef = 4399F2D7192EDCAC00CB1B49 /* YMAHistoryOperationsResponse.m */; };
		4399F2E0192EDCD100CB1B49 /* YMAChangeAvatarRequest.h in Headers */ = {isa = PBXBuildFile; fileRef = 4399F2DC192EDCD100CB1B49 /* YMAChangeAvatarRequest.h */; };
		4399F2E1192EDCD100CB1B49 /* YMAChangeAvatarRequest.m in Sources */ = {isa = PBXBuildFile; fileRef = 4399F2DD192EDCD100CB1B49 /* YMAChangeAvatarRequest.m */; };
		4399F2E2192EDCD100CB1B49 /* YMAHistoryOperationsRequest.h in Headers */ = {isa = PBXBuildFile; fileRef = 4399F2DE192EDCD100CB1B49 /* YMAHistoryOperationsRequest.h */; };
		4399F2E3192EDCD100CB1B49 /* YMAHistoryOperationsRequest.m in Sources */ = {isa = PBXBuildFile; fileRef = 4399F2DF192EDCD100CB1B49 /* YMAHistoryOperationsRequest.m */; };
		43C6B20718988093001BA093 /* ymcpssdk-os-Info.plist in Resources */ = {isa = PBXBuildFile; fileRef = 43C6B20518988093001BA093 /* ymcpssdk-os-Info.plist */; };
		43C6B20818988093001BA093 /* ymcpssdk-os-Prefix.pch in Headers */ = {isa = PBXBuildFile; fileRef = 43C6B20618988093001BA093 /* ymcpssdk-os-Prefix.pch */; settings = {ATTRIBUTES = (Private, ); }; };
		606E80071938D7340090354C /* YMABaseProcessResponse.h in Headers */ = {isa = PBXBuildFile; fileRef = 606E80051938D7340090354C /* YMABaseProcessResponse.h */; };
		606E80081938D7340090354C /* YMABaseProcessResponse.m in Sources */ = {isa = PBXBuildFile; fileRef = 606E80061938D7340090354C /* YMABaseProcessResponse.m */; };
		608F751C1907BC2B00F45D7F /* YMAConnection.h in Headers */ = {isa = PBXBuildFile; fileRef = 608F750F1907BC2B00F45D7F /* YMAConnection.h */; };
		608F751D1907BC2B00F45D7F /* YMAConnection.m in Sources */ = {isa = PBXBuildFile; fileRef = 608F75101907BC2B00F45D7F /* YMAConnection.m */; };
		608F751E1907BC2B00F45D7F /* YMAConstants.h in Headers */ = {isa = PBXBuildFile; fileRef = 608F75111907BC2B00F45D7F /* YMAConstants.h */; };
		608F751F1907BC2B00F45D7F /* YMAConstants.m in Sources */ = {isa = PBXBuildFile; fileRef = 608F75121907BC2B00F45D7F /* YMAConstants.m */; };
		608F75241907BC2B00F45D7F /* YMAExternalPaymentSession.h in Headers */ = {isa = PBXBuildFile; fileRef = 608F75171907BC2B00F45D7F /* YMAExternalPaymentSession.h */; };
		608F75251907BC2B00F45D7F /* YMAExternalPaymentSession.m in Sources */ = {isa = PBXBuildFile; fileRef = 608F75181907BC2B00F45D7F /* YMAExternalPaymentSession.m */; };
		608F7591192B912000F45D7F /* YMABaseResponse.h in Headers */ = {isa = PBXBuildFile; fileRef = 608F758F192B912000F45D7F /* YMABaseResponse.h */; };
		608F7592192B912000F45D7F /* YMABaseResponse.h in Headers */ = {isa = PBXBuildFile; fileRef = 608F758F192B912000F45D7F /* YMABaseResponse.h */; };
		608F7599192B916600F45D7F /* YMABaseResponse.m in Sources */ = {isa = PBXBuildFile; fileRef = 608F7598192B916600F45D7F /* YMABaseResponse.m */; };
		608F759A192B916600F45D7F /* YMABaseResponse.m in Sources */ = {isa = PBXBuildFile; fileRef = 608F7598192B916600F45D7F /* YMABaseResponse.m */; };
		608F759F192E57D100F45D7F /* YMAPaymentResponse.h in Headers */ = {isa = PBXBuildFile; fileRef = 608F759B192E57D100F45D7F /* YMAPaymentResponse.h */; };
		608F75A0192E57D100F45D7F /* YMAPaymentResponse.m in Sources */ = {isa = PBXBuildFile; fileRef = 608F759C192E57D100F45D7F /* YMAPaymentResponse.m */; };
		608F75A1192E57D100F45D7F /* YMAProcessPaymentResponse.h in Headers */ = {isa = PBXBuildFile; fileRef = 608F759D192E57D100F45D7F /* YMAProcessPaymentResponse.h */; };
		608F75A2192E57D100F45D7F /* YMAProcessPaymentResponse.m in Sources */ = {isa = PBXBuildFile; fileRef = 608F759E192E57D100F45D7F /* YMAProcessPaymentResponse.m */; };
		608F75A5192E57F000F45D7F /* YMAAccountInfoResponse.h in Headers */ = {isa = PBXBuildFile; fileRef = 608F75A3192E57F000F45D7F /* YMAAccountInfoResponse.h */; };
		608F75A6192E57F000F45D7F /* YMAAccountInfoResponse.m in Sources */ = {isa = PBXBuildFile; fileRef = 608F75A4192E57F000F45D7F /* YMAAccountInfoResponse.m */; };
		608F75A9192E581300F45D7F /* YMAAccountInfoRequest.h in Headers */ = {isa = PBXBuildFile; fileRef = 608F75A7192E581300F45D7F /* YMAAccountInfoRequest.h */; };
		608F75AA192E581400F45D7F /* YMAAccountInfoRequest.m in Sources */ = {isa = PBXBuildFile; fileRef = 608F75A8192E581300F45D7F /* YMAAccountInfoRequest.m */; };
		608F75AF192E582600F45D7F /* YMAPaymentRequest.h in Headers */ = {isa = PBXBuildFile; fileRef = 608F75AB192E582600F45D7F /* YMAPaymentRequest.h */; };
		608F75B0192E582600F45D7F /* YMAPaymentRequest.m in Sources */ = {isa = PBXBuildFile; fileRef = 608F75AC192E582600F45D7F /* YMAPaymentRequest.m */; };
		608F75B1192E582600F45D7F /* YMAProcessPaymentRequest.h in Headers */ = {isa = PBXBuildFile; fileRef = 608F75AD192E582600F45D7F /* YMAProcessPaymentRequest.h */; };
		608F75B2192E582600F45D7F /* YMAProcessPaymentRequest.m in Sources */ = {isa = PBXBuildFile; fileRef = 608F75AE192E582600F45D7F /* YMAProcessPaymentRequest.m */; };
		608F75B71934CB3600F45D7F /* YMAIncomingTransferAcceptResponse.h in Headers */ = {isa = PBXBuildFile; fileRef = 608F75B31934CB3600F45D7F /* YMAIncomingTransferAcceptResponse.h */; };
		608F75B81934CB3600F45D7F /* YMAIncomingTransferAcceptResponse.m in Sources */ = {isa = PBXBuildFile; fileRef = 608F75B41934CB3600F45D7F /* YMAIncomingTransferAcceptResponse.m */; };
		608F75BF1934CB5600F45D7F /* YMAIncomingTransferAcceptRequest.h in Headers */ = {isa = PBXBuildFile; fileRef = 608F75BB1934CB5600F45D7F /* YMAIncomingTransferAcceptRequest.h */; };
		608F75C01934CB5600F45D7F /* YMAIncomingTransferAcceptRequest.m in Sources */ = {isa = PBXBuildFile; fileRef = 608F75BC1934CB5600F45D7F /* YMAIncomingTransferAcceptRequest.m */; };
		608F75C11934CB5600F45D7F /* YMAIncomingTransferRejectRequest.h in Headers */ = {isa = PBXBuildFile; fileRef = 608F75BD1934CB5600F45D7F /* YMAIncomingTransferRejectRequest.h */; };
		608F75C21934CB5600F45D7F /* YMAIncomingTransferRejectRequest.m in Sources */ = {isa = PBXBuildFile; fileRef = 608F75BE1934CB5600F45D7F /* YMAIncomingTransferRejectRequest.m */; };
		60B6B4591965866E0042F682 /* YMABaseRequest.h in Headers */ = {isa = PBXBuildFile; fileRef = 60B6B4571965866E0042F682 /* YMABaseRequest.h */; };
		60B6B45A1965866E0042F682 /* YMABaseRequest.m in Sources */ = {isa = PBXBuildFile; fileRef = 60B6B4581965866E0042F682 /* YMABaseRequest.m */; };
		82C74E3F1C187AC900CF09F1 /* YMAHandlers.h in Headers */ = {isa = PBXBuildFile; fileRef = 82C74E3E1C187AC900CF09F1 /* YMAHandlers.h */; };
		8BFF20088AE959020E56BE00 /* YMAProcessExternalPaymentResponse.m in Sources */ = {isa = PBXBuildFile; fileRef = 8BFF225A804D6856B2C6572B /* YMAProcessExternalPaymentResponse.m */; };
		8BFF205B91D768277A380345 /* YMAExternalPaymentRequest.h in Headers */ = {isa = PBXBuildFile; fileRef = 8BFF27D40E844ABDA08CD23C /* YMAExternalPaymentRequest.h */; };
		8BFF2080FCB88745F9E5C483 /* YMAAccountInfoModel.h in Headers */ = {isa = PBXBuildFile; fileRef = 8BFF205EC8608008B2A3D5E4 /* YMAAccountInfoModel.h */; };
		8BFF2083CC00FB3AA0B35BBE /* YMAAccountInfoModel.m in Sources */ = {isa = PBXBuildFile; fileRef = 8BFF29406293FEA3A5090E81 /* YMAAccountInfoModel.m */; };
		8BFF21244B6772E785D51CB1 /* YMAHostsProvider.h in Headers */ = {isa = PBXBuildFile; fileRef = 8BFF2AC3DB74FF9E507A51F3 /* YMAHostsProvider.h */; };
		8BFF2197D39288FBDE147810 /* YMAGoodsModel.m in Sources */ = {isa = PBXBuildFile; fileRef = 8BFF2255429905AC752DB520 /* YMAGoodsModel.m */; };
		8BFF219F8C698239CD821CE4 /* YMAMoneySourceModel.m in Sources */ = {isa = PBXBuildFile; fileRef = 8BFF2C7A1FD664BF6CEF70D0 /* YMAMoneySourceModel.m */; };
		8BFF21D9644AA982E427E245 /* YMAAPISession.m in Sources */ = {isa = PBXBuildFile; fileRef = 8BFF2B5D4A589E5C180D6B2B /* YMAAPISession.m */; };
		8BFF21E6FE6BED325824CB11 /* YMAMoneySourceModel.h in Headers */ = {isa = PBXBuildFile; fileRef = 8BFF2147199C0B51AC8ADAE4 /* YMAMoneySourceModel.h */; };
		8BFF21F7815E685639D053FD /* YMAOperationDetailsResponse.m in Sources */ = {isa = PBXBuildFile; fileRef = 8BFF252947D95AE8C4521E81 /* YMAOperationDetailsResponse.m */; };
		8BFF2216D7DBD045A30025ED /* YMAHistoryOperationModel.h in Headers */ = {isa = PBXBuildFile; fileRef = 8BFF2A1255EDB62A48BF615D /* YMAHistoryOperationModel.h */; };
		8BFF2243E7E501D0272B28AC /* YMACardsSourceGroupModel.m in Sources */ = {isa = PBXBuildFile; fileRef = 8BFF27308D5D7F3F6BDFD94C /* YMACardsSourceGroupModel.m */; };
		8BFF224F639B8F8C8903D731 /* YMAMoneySourcesModel.m in Sources */ = {isa = PBXBuildFile; fileRef = 8BFF2C1961C4D2869E191D58 /* YMAMoneySourcesModel.m */; };
		8BFF22965BEA4A20BFFDA36A /* YMAMoneySourcesModel.m in Sources */ = {isa = PBXBuildFile; fileRef = 8BFF2C1961C4D2869E191D58 /* YMAMoneySourcesModel.m */; };
		8BFF2297B7149E7162AB9B60 /* YMAPaymentResultModel.m in Sources */ = {isa = PBXBuildFile; fileRef = 8BFF211BFE1D637546E70B8D /* YMAPaymentResultModel.m */; };
		8BFF22D244DA8824D9FF86AE /* YMADigitalGoodsModel.m in Sources */ = {isa = PBXBuildFile; fileRef = 8BFF2E3D8D565E4FB3D836B7 /* YMADigitalGoodsModel.m */; };
		8BFF23564159228ED33BAAB9 /* YMAAPISession.m in Sources */ = {isa = PBXBuildFile; fileRef = 8BFF2B5D4A589E5C180D6B2B /* YMAAPISession.m */; };
		8BFF239E9F8240AB02E4758C /* YMAExternalPaymentResponse.h in Headers */ = {isa = PBXBuildFile; fileRef = 8BFF2A1B4124FDF065D762D2 /* YMAExternalPaymentResponse.h */; };
		8BFF23D548D765F4EC1D1290 /* YMAWalletSourceGroupModel.m in Sources */ = {isa = PBXBuildFile; fileRef = 8BFF260DCBDCE8B93B526B91 /* YMAWalletSourceGroupModel.m */; };
		8BFF23DF0E4A8F0E7FD34923 /* YMAPaymentInfoModel.m in Sources */ = {isa = PBXBuildFile; fileRef = 8BFF22C79FB7D29467E25BE4 /* YMAPaymentInfoModel.m */; };
		8BFF247D4DDE9F8AAC66D889 /* YMAAscModel.m in Sources */ = {isa = PBXBuildFile; fileRef = 8BFF2E05AB79E8DA5846E199 /* YMAAscModel.m */; };
		8BFF24854977176B06F51E68 /* YMAWalletSourceGroupModel.h in Headers */ = {isa = PBXBuildFile; fileRef = 8BFF26B74AADF64E399C5FB0 /* YMAWalletSourceGroupModel.h */; };
		8BFF249992A8DB7A1E693934 /* YMABaseSession.h in Headers */ = {isa = PBXBuildFile; fileRef = 8BFF2E6CD4060300AADD7F0E /* YMABaseSession.h */; };
		8BFF24B67DD429E97D359BDE /* YMADigitalGoodsModel.h in Headers */ = {isa = PBXBuildFile; fileRef = 8BFF2B770BDF473D870BF6C0 /* YMADigitalGoodsModel.h */; };
		8BFF250B9F588B19CC870BEC /* YMAAccountInfoModel.m in Sources */ = {isa = PBXBuildFile; fileRef = 8BFF29406293FEA3A5090E81 /* YMAAccountInfoModel.m */; };
		8BFF2536F16EFF977B67EF75 /* YMAExternalPaymentInfoModel.m in Sources */ = {isa = PBXBuildFile; fileRef = 8BFF24147E42C30AF6A216D7 /* YMAExternalPaymentInfoModel.m */; };
		8BFF25580586CC7D56BE9E30 /* YMAOperationDetailsRequest.m in Sources */ = {isa = PBXBuildFile; fileRef = 8BFF291A2889577E5FBF6727 /* YMAOperationDetailsRequest.m */; };
		8BFF25750A38972CF24BCD5D /* YMAOperationDetailsResponse.h in Headers */ = {isa = PBXBuildFile; fileRef = 8BFF2AFBFA8940409B606723 /* YMAOperationDetailsResponse.h */; };
		8BFF258289DD4BB81B669DC9 /* YMAHistoryOperationModel.h in Headers */ = {isa = PBXBuildFile; fileRef = 8BFF2A1255EDB62A48BF615D /* YMAHistoryOperationModel.h */; };
		8BFF25C52416BA97138809DF /* YMAOperationDetailsRequest.m in Sources */ = {isa = PBXBuildFile; fileRef = 8BFF291A2889577E5FBF6727 /* YMAOperationDetailsRequest.m */; };
		8BFF25FC21C0552EEC9C8E98 /* YMAAvatarModel.h in Headers */ = {isa = PBXBuildFile; fileRef = 8BFF251C997D83C7C909A548 /* YMAAvatarModel.h */; };
		8BFF2648FBBBDAC003AA5D51 /* YMAHistoryOperationModel.m in Sources */ = {isa = PBXBuildFile; fileRef = 8BFF2DC406E943E144ECC1F7 /* YMAHistoryOperationModel.m */; };
		8BFF268EF28F4CF57FAA5CAB /* YMAPaymentResultModel.h in Headers */ = {isa = PBXBuildFile; fileRef = 8BFF2B9E8D49F1420DF0DC6B /* YMAPaymentResultModel.h */; };
		8BFF26BCA47DA2C2B590ED7C /* YMAProcessExternalPaymentRequest.h in Headers */ = {isa = PBXBuildFile; fileRef = 8BFF2FB63A4098F9B45021FF /* YMAProcessExternalPaymentRequest.h */; };
		8BFF26CB0804A80950772D7C /* YMAOperationDetailsRequest.h in Headers */ = {isa = PBXBuildFile; fileRef = 8BFF2EB8DE014054BC28F1AA /* YMAOperationDetailsRequest.h */; };
		8BFF274EC4922816816E4DFD /* YMABalanceDetailsModel.m in Sources */ = {isa = PBXBuildFile; fileRef = 8BFF20FC566A3854252E808A /* YMABalanceDetailsModel.m */; };
		8BFF2769D043B9D00C3E5F06 /* YMAPaymentResultModel.m in Sources */ = {isa = PBXBuildFile; fileRef = 8BFF211BFE1D637546E70B8D /* YMAPaymentResultModel.m */; };
		8BFF27E19256A440670F7BF8 /* YMACardsSourceGroupModel.h in Headers */ = {isa = PBXBuildFile; fileRef = 8BFF2B78CE66CA13661549AC /* YMACardsSourceGroupModel.h */; };
		8BFF281696C2DE99B014C8BF /* YMAGoodsModel.h in Headers */ = {isa = PBXBuildFile; fileRef = 8BFF2C2E972359A9A4899BEE /* YMAGoodsModel.h */; };
		8BFF284AC046C40FC69E084C /* YMAPaymentInfoModel.h in Headers */ = {isa = PBXBuildFile; fileRef = 8BFF285F0C2C0D320C081AFE /* YMAPaymentInfoModel.h */; };
		8BFF28B8C1329527D18C0290 /* YMAAvatarModel.m in Sources */ = {isa = PBXBuildFile; fileRef = 8BFF220B53BA9A164CAA13A3 /* YMAAvatarModel.m */; };
		8BFF28E0C458F1C779BFD7F4 /* YMAHostsProvider.h in Headers */ = {isa = PBXBuildFile; fileRef = 8BFF2AC3DB74FF9E507A51F3 /* YMAHostsProvider.h */; };
		8BFF28FB8C95858D514CAD3A /* YMABaseSession.m in Sources */ = {isa = PBXBuildFile; fileRef = 8BFF28A12B37CD1CB6CCF148 /* YMABaseSession.m */; };
		8BFF2938521FDF4C7DCBC653 /* YMAHostsProvider.m in Sources */ = {isa = PBXBuildFile; fileRef = 8BFF2E7A681EE978480A5112 /* YMAHostsProvider.m */; };
		8BFF2942BEF6F7C531F6DDD6 /* YMAProcessExternalPaymentResponse.h in Headers */ = {isa = PBXBuildFile; fileRef = 8BFF2392162339352AEF8560 /* YMAProcessExternalPaymentResponse.h */; };
		8BFF298452D4D8603263DE55 /* YMABalanceDetailsModel.m in Sources */ = {isa = PBXBuildFile; fileRef = 8BFF20FC566A3854252E808A /* YMABalanceDetailsModel.m */; };
		8BFF2991EED15B604934A603 /* YMABaseSession.h in Headers */ = {isa = PBXBuildFile; fileRef = 8BFF2E6CD4060300AADD7F0E /* YMABaseSession.h */; };
		8BFF29C71AE9FBFB696DB118 /* YMADigitalGoodsModel.h in Headers */ = {isa = PBXBuildFile; fileRef = 8BFF2B770BDF473D870BF6C0 /* YMADigitalGoodsModel.h */; };
		8BFF2A126C243F76990569C4 /* YMACardsSourceGroupModel.h in Headers */ = {isa = PBXBuildFile; fileRef = 8BFF2B78CE66CA13661549AC /* YMACardsSourceGroupModel.h */; };
		8BFF2ABB534BF6BBC842441F /* YMAOperationDetailsResponse.h in Headers */ = {isa = PBXBuildFile; fileRef = 8BFF2AFBFA8940409B606723 /* YMAOperationDetailsResponse.h */; };
		8BFF2B0DA8EFC41A039544C5 /* YMAAccountInfoModel.h in Headers */ = {isa = PBXBuildFile; fileRef = 8BFF205EC8608008B2A3D5E4 /* YMAAccountInfoModel.h */; };
		8BFF2B2E7EFEA51A07F2E303 /* YMAAvatarModel.h in Headers */ = {isa = PBXBuildFile; fileRef = 8BFF251C997D83C7C909A548 /* YMAAvatarModel.h */; };
		8BFF2B422EB74970E5D01C10 /* YMACardsSourceGroupModel.m in Sources */ = {isa = PBXBuildFile; fileRef = 8BFF27308D5D7F3F6BDFD94C /* YMACardsSourceGroupModel.m */; };
		8BFF2BECBE8D4EFAEB8BE8CD /* YMAOperationDetailsRequest.h in Headers */ = {isa = PBXBuildFile; fileRef = 8BFF2EB8DE014054BC28F1AA /* YMAOperationDetailsRequest.h */; };
		8BFF2C805AA9D608E394FBF3 /* YMAHistoryOperationModel.m in Sources */ = {isa = PBXBuildFile; fileRef = 8BFF2DC406E943E144ECC1F7 /* YMAHistoryOperationModel.m */; };
		8BFF2CB2D4827478E6A5E1E7 /* YMAPaymentInfoModel.m in Sources */ = {isa = PBXBuildFile; fileRef = 8BFF22C79FB7D29467E25BE4 /* YMAPaymentInfoModel.m */; };
		8BFF2CFDFFD95CB2450C64B3 /* YMAAPISession.h in Headers */ = {isa = PBXBuildFile; fileRef = 8BFF293904B8F1396C4DC49A /* YMAAPISession.h */; };
		8BFF2CFFBF910F0B49710ED9 /* YMABalanceDetailsModel.h in Headers */ = {isa = PBXBuildFile; fileRef = 8BFF2738ADE37FD40EA71164 /* YMABalanceDetailsModel.h */; };
		8BFF2D1637DBBD163931335B /* YMAMoneySourcesModel.h in Headers */ = {isa = PBXBuildFile; fileRef = 8BFF2F991CE1638D7065AC80 /* YMAMoneySourcesModel.h */; };
		8BFF2D43F8055F17E5596E92 /* YMAWalletSourceGroupModel.m in Sources */ = {isa = PBXBuildFile; fileRef = 8BFF260DCBDCE8B93B526B91 /* YMAWalletSourceGroupModel.m */; };
		8BFF2D943A62B2268F2C9A7E /* YMAPaymentResultModel.h in Headers */ = {isa = PBXBuildFile; fileRef = 8BFF2B9E8D49F1420DF0DC6B /* YMAPaymentResultModel.h */; };
		8BFF2E1B73746D312F4019F1 /* YMAExternalPaymentResponse.m in Sources */ = {isa = PBXBuildFile; fileRef = 8BFF2651BB40614B08F0EA81 /* YMAExternalPaymentResponse.m */; };
		8BFF2E35B7AA1B1075CFFB77 /* YMAAscModel.h in Headers */ = {isa = PBXBuildFile; fileRef = 8BFF26C28CA55AB0B45EAF2E /* YMAAscModel.h */; };
		8BFF2E45A71319E84C1B608C /* YMAHostsProvider.m in Sources */ = {isa = PBXBuildFile; fileRef = 8BFF2E7A681EE978480A5112 /* YMAHostsProvider.m */; };
		8BFF2E48F99D86BE1BC25F20 /* YMABalanceDetailsModel.h in Headers */ = {isa = PBXBuildFile; fileRef = 8BFF2738ADE37FD40EA71164 /* YMABalanceDetailsModel.h */; };
		8BFF2E531DE3E4AB703711B1 /* YMADigitalGoodsModel.m in Sources */ = {isa = PBXBuildFile; fileRef = 8BFF2E3D8D565E4FB3D836B7 /* YMADigitalGoodsModel.m */; };
		8BFF2EDDE39420B8098048E0 /* YMABaseSession.m in Sources */ = {isa = PBXBuildFile; fileRef = 8BFF28A12B37CD1CB6CCF148 /* YMABaseSession.m */; };
		8BFF2EEF2B19DF3E76F4CF8C /* YMAExternalPaymentRequest.m in Sources */ = {isa = PBXBuildFile; fileRef = 8BFF2355AFDBC4EE55694230 /* YMAExternalPaymentRequest.m */; };
		8BFF2EF7F1949278CFBFC9E5 /* YMAAvatarModel.m in Sources */ = {isa = PBXBuildFile; fileRef = 8BFF220B53BA9A164CAA13A3 /* YMAAvatarModel.m */; };
		8BFF2EFEE61A2901D474EE8D /* YMAGoodsModel.m in Sources */ = {isa = PBXBuildFile; fileRef = 8BFF2255429905AC752DB520 /* YMAGoodsModel.m */; };
		8BFF2F02A1CE7D4B3A93774A /* YMAAPISession.h in Headers */ = {isa = PBXBuildFile; fileRef = 8BFF293904B8F1396C4DC49A /* YMAAPISession.h */; };
		8BFF2F02C3E5BFDE49A4067E /* YMAWalletSourceGroupModel.h in Headers */ = {isa = PBXBuildFile; fileRef = 8BFF26B74AADF64E399C5FB0 /* YMAWalletSourceGroupModel.h */; };
		8BFF2F093124E4C705E0BCF9 /* YMAPaymentInfoModel.h in Headers */ = {isa = PBXBuildFile; fileRef = 8BFF285F0C2C0D320C081AFE /* YMAPaymentInfoModel.h */; };
		8BFF2F148267B4A53A468CDF /* YMAProcessExternalPaymentRequest.m in Sources */ = {isa = PBXBuildFile; fileRef = 8BFF2064E4C8C49AE00740BB /* YMAProcessExternalPaymentRequest.m */; };
		8BFF2F63795DDBA1874C384F /* YMAGoodsModel.h in Headers */ = {isa = PBXBuildFile; fileRef = 8BFF2C2E972359A9A4899BEE /* YMAGoodsModel.h */; };
		8BFF2F7484D88270787D08D5 /* YMAExternalPaymentInfoModel.h in Headers */ = {isa = PBXBuildFile; fileRef = 8BFF2A5D8B81F1BFE8FB9295 /* YMAExternalPaymentInfoModel.h */; };
		8BFF2F829BC3449C35102615 /* YMAMoneySourcesModel.h in Headers */ = {isa = PBXBuildFile; fileRef = 8BFF2F991CE1638D7065AC80 /* YMAMoneySourcesModel.h */; };
		8BFF2FB187B8B50BD366D10E /* YMAOperationDetailsResponse.m in Sources */ = {isa = PBXBuildFile; fileRef = 8BFF252947D95AE8C4521E81 /* YMAOperationDetailsResponse.m */; };
/* End PBXBuildFile section */

/* Begin PBXCopyFilesBuildPhase section */
		43C6B1D718987E78001BA093 /* CopyFiles */ = {
			isa = PBXCopyFilesBuildPhase;
			buildActionMask = 2147483647;
			dstPath = "include/$(PRODUCT_NAME)";
			dstSubfolderSpec = 16;
			files = (
			);
			runOnlyForDeploymentPostprocessing = 0;
		};
/* End PBXCopyFilesBuildPhase section */

/* Begin PBXFileReference section */
		2DE794A649279376C6AB9585 /* YMAOperationDetailsModel.h */ = {isa = PBXFileReference; fileEncoding = 4; lastKnownFileType = sourcecode.c.h; path = YMAOperationDetailsModel.h; sourceTree = "<group>"; };
		2DE79556322AA7E70F71D29B /* YMAOperationDetailsModel.m */ = {isa = PBXFileReference; fileEncoding = 4; lastKnownFileType = sourcecode.c.objc; path = YMAOperationDetailsModel.m; sourceTree = "<group>"; };
		4399F2D6192EDCAC00CB1B49 /* YMAHistoryOperationsResponse.h */ = {isa = PBXFileReference; fileEncoding = 4; lastKnownFileType = sourcecode.c.h; name = YMAHistoryOperationsResponse.h; path = Classes/Response/AccountInfo/YMAHistoryOperationsResponse.h; sourceTree = SOURCE_ROOT; };
		4399F2D7192EDCAC00CB1B49 /* YMAHistoryOperationsResponse.m */ = {isa = PBXFileReference; fileEncoding = 4; lastKnownFileType = sourcecode.c.objc; name = YMAHistoryOperationsResponse.m; path = Classes/Response/AccountInfo/YMAHistoryOperationsResponse.m; sourceTree = SOURCE_ROOT; };
		4399F2DC192EDCD100CB1B49 /* YMAChangeAvatarRequest.h */ = {isa = PBXFileReference; fileEncoding = 4; lastKnownFileType = sourcecode.c.h; name = YMAChangeAvatarRequest.h; path = Classes/Request/AccountInfo/YMAChangeAvatarRequest.h; sourceTree = SOURCE_ROOT; };
		4399F2DD192EDCD100CB1B49 /* YMAChangeAvatarRequest.m */ = {isa = PBXFileReference; fileEncoding = 4; lastKnownFileType = sourcecode.c.objc; lineEnding = 0; name = YMAChangeAvatarRequest.m; path = Classes/Request/AccountInfo/YMAChangeAvatarRequest.m; sourceTree = SOURCE_ROOT; xcLanguageSpecificationIdentifier = xcode.lang.objc; };
		4399F2DE192EDCD100CB1B49 /* YMAHistoryOperationsRequest.h */ = {isa = PBXFileReference; fileEncoding = 4; lastKnownFileType = sourcecode.c.h; name = YMAHistoryOperationsRequest.h; path = Classes/Request/AccountInfo/YMAHistoryOperationsRequest.h; sourceTree = SOURCE_ROOT; };
		4399F2DF192EDCD100CB1B49 /* YMAHistoryOperationsRequest.m */ = {isa = PBXFileReference; fileEncoding = 4; lastKnownFileType = sourcecode.c.objc; lineEnding = 0; name = YMAHistoryOperationsRequest.m; path = Classes/Request/AccountInfo/YMAHistoryOperationsRequest.m; sourceTree = SOURCE_ROOT; xcLanguageSpecificationIdentifier = xcode.lang.objc; };
		43C6B1A718987C4D001BA093 /* ymcpssdk-os.framework */ = {isa = PBXFileReference; explicitFileType = wrapper.framework; includeInIndex = 0; path = "ymcpssdk-os.framework"; sourceTree = BUILT_PRODUCTS_DIR; };
		43C6B1D918987E78001BA093 /* libymcpssdk-ios.a */ = {isa = PBXFileReference; explicitFileType = archive.ar; includeInIndex = 0; path = "libymcpssdk-ios.a"; sourceTree = BUILT_PRODUCTS_DIR; };
		43C6B20518988093001BA093 /* ymcpssdk-os-Info.plist */ = {isa = PBXFileReference; fileEncoding = 4; lastKnownFileType = text.plist.xml; name = "ymcpssdk-os-Info.plist"; path = "SupportingFiles/ymcpssdk-os-Info.plist"; sourceTree = SOURCE_ROOT; };
		43C6B20618988093001BA093 /* ymcpssdk-os-Prefix.pch */ = {isa = PBXFileReference; fileEncoding = 4; lastKnownFileType = sourcecode.c.h; name = "ymcpssdk-os-Prefix.pch"; path = "SupportingFiles/ymcpssdk-os-Prefix.pch"; sourceTree = SOURCE_ROOT; };
		43C6B209189880A0001BA093 /* ymcpssdk-ios-Prefix.pch */ = {isa = PBXFileReference; fileEncoding = 4; lastKnownFileType = sourcecode.c.h; name = "ymcpssdk-ios-Prefix.pch"; path = "SupportingFiles/ymcpssdk-ios-Prefix.pch"; sourceTree = SOURCE_ROOT; };
		606E80051938D7340090354C /* YMABaseProcessResponse.h */ = {isa = PBXFileReference; fileEncoding = 4; lastKnownFileType = sourcecode.c.h; name = YMABaseProcessResponse.h; path = Classes/Response/YMABaseProcessResponse.h; sourceTree = SOURCE_ROOT; };
		606E80061938D7340090354C /* YMABaseProcessResponse.m */ = {isa = PBXFileReference; fileEncoding = 4; lastKnownFileType = sourcecode.c.objc; name = YMABaseProcessResponse.m; path = Classes/Response/YMABaseProcessResponse.m; sourceTree = SOURCE_ROOT; };
		608F750F1907BC2B00F45D7F /* YMAConnection.h */ = {isa = PBXFileReference; fileEncoding = 4; lastKnownFileType = sourcecode.c.h; lineEnding = 0; path = YMAConnection.h; sourceTree = "<group>"; xcLanguageSpecificationIdentifier = xcode.lang.objcpp; };
		608F75101907BC2B00F45D7F /* YMAConnection.m */ = {isa = PBXFileReference; fileEncoding = 4; lastKnownFileType = sourcecode.c.objc; lineEnding = 0; path = YMAConnection.m; sourceTree = "<group>"; xcLanguageSpecificationIdentifier = xcode.lang.objc; };
		608F75111907BC2B00F45D7F /* YMAConstants.h */ = {isa = PBXFileReference; fileEncoding = 4; lastKnownFileType = sourcecode.c.h; path = YMAConstants.h; sourceTree = "<group>"; };
		608F75121907BC2B00F45D7F /* YMAConstants.m */ = {isa = PBXFileReference; fileEncoding = 4; lastKnownFileType = sourcecode.c.objc; path = YMAConstants.m; sourceTree = "<group>"; };
		608F75171907BC2B00F45D7F /* YMAExternalPaymentSession.h */ = {isa = PBXFileReference; fileEncoding = 4; lastKnownFileType = sourcecode.c.h; lineEnding = 0; path = YMAExternalPaymentSession.h; sourceTree = "<group>"; xcLanguageSpecificationIdentifier = xcode.lang.objcpp; };
		608F75181907BC2B00F45D7F /* YMAExternalPaymentSession.m */ = {isa = PBXFileReference; fileEncoding = 4; lastKnownFileType = sourcecode.c.objc; lineEnding = 0; path = YMAExternalPaymentSession.m; sourceTree = "<group>"; xcLanguageSpecificationIdentifier = xcode.lang.objc; };
		608F758F192B912000F45D7F /* YMABaseResponse.h */ = {isa = PBXFileReference; fileEncoding = 4; lastKnownFileType = sourcecode.c.h; lineEnding = 0; name = YMABaseResponse.h; path = Classes/Response/YMABaseResponse.h; sourceTree = SOURCE_ROOT; xcLanguageSpecificationIdentifier = xcode.lang.objcpp; };
		608F7598192B916600F45D7F /* YMABaseResponse.m */ = {isa = PBXFileReference; fileEncoding = 4; lastKnownFileType = sourcecode.c.objc; lineEnding = 0; name = YMABaseResponse.m; path = Classes/Response/YMABaseResponse.m; sourceTree = SOURCE_ROOT; xcLanguageSpecificationIdentifier = xcode.lang.objc; };
		608F759B192E57D100F45D7F /* YMAPaymentResponse.h */ = {isa = PBXFileReference; fileEncoding = 4; lastKnownFileType = sourcecode.c.h; name = YMAPaymentResponse.h; path = Classes/Response/PaymentProcess/YMAPaymentResponse.h; sourceTree = SOURCE_ROOT; };
		608F759C192E57D100F45D7F /* YMAPaymentResponse.m */ = {isa = PBXFileReference; fileEncoding = 4; lastKnownFileType = sourcecode.c.objc; name = YMAPaymentResponse.m; path = Classes/Response/PaymentProcess/YMAPaymentResponse.m; sourceTree = SOURCE_ROOT; };
		608F759D192E57D100F45D7F /* YMAProcessPaymentResponse.h */ = {isa = PBXFileReference; fileEncoding = 4; lastKnownFileType = sourcecode.c.h; name = YMAProcessPaymentResponse.h; path = Classes/Response/PaymentProcess/YMAProcessPaymentResponse.h; sourceTree = SOURCE_ROOT; };
		608F759E192E57D100F45D7F /* YMAProcessPaymentResponse.m */ = {isa = PBXFileReference; fileEncoding = 4; lastKnownFileType = sourcecode.c.objc; name = YMAProcessPaymentResponse.m; path = Classes/Response/PaymentProcess/YMAProcessPaymentResponse.m; sourceTree = SOURCE_ROOT; };
		608F75A3192E57F000F45D7F /* YMAAccountInfoResponse.h */ = {isa = PBXFileReference; fileEncoding = 4; lastKnownFileType = sourcecode.c.h; name = YMAAccountInfoResponse.h; path = Classes/Response/AccountInfo/YMAAccountInfoResponse.h; sourceTree = SOURCE_ROOT; };
		608F75A4192E57F000F45D7F /* YMAAccountInfoResponse.m */ = {isa = PBXFileReference; fileEncoding = 4; lastKnownFileType = sourcecode.c.objc; name = YMAAccountInfoResponse.m; path = Classes/Response/AccountInfo/YMAAccountInfoResponse.m; sourceTree = SOURCE_ROOT; };
		608F75A7192E581300F45D7F /* YMAAccountInfoRequest.h */ = {isa = PBXFileReference; fileEncoding = 4; lastKnownFileType = sourcecode.c.h; name = YMAAccountInfoRequest.h; path = Classes/Request/AccountInfo/YMAAccountInfoRequest.h; sourceTree = SOURCE_ROOT; };
		608F75A8192E581300F45D7F /* YMAAccountInfoRequest.m */ = {isa = PBXFileReference; fileEncoding = 4; lastKnownFileType = sourcecode.c.objc; lineEnding = 0; name = YMAAccountInfoRequest.m; path = Classes/Request/AccountInfo/YMAAccountInfoRequest.m; sourceTree = SOURCE_ROOT; xcLanguageSpecificationIdentifier = xcode.lang.objc; };
		608F75AB192E582600F45D7F /* YMAPaymentRequest.h */ = {isa = PBXFileReference; fileEncoding = 4; lastKnownFileType = sourcecode.c.h; name = YMAPaymentRequest.h; path = Classes/Request/PaymentProcess/YMAPaymentRequest.h; sourceTree = SOURCE_ROOT; };
		608F75AC192E582600F45D7F /* YMAPaymentRequest.m */ = {isa = PBXFileReference; fileEncoding = 4; lastKnownFileType = sourcecode.c.objc; lineEnding = 0; name = YMAPaymentRequest.m; path = Classes/Request/PaymentProcess/YMAPaymentRequest.m; sourceTree = SOURCE_ROOT; xcLanguageSpecificationIdentifier = xcode.lang.objc; };
		608F75AD192E582600F45D7F /* YMAProcessPaymentRequest.h */ = {isa = PBXFileReference; fileEncoding = 4; lastKnownFileType = sourcecode.c.h; name = YMAProcessPaymentRequest.h; path = Classes/Request/PaymentProcess/YMAProcessPaymentRequest.h; sourceTree = SOURCE_ROOT; };
		608F75AE192E582600F45D7F /* YMAProcessPaymentRequest.m */ = {isa = PBXFileReference; fileEncoding = 4; lastKnownFileType = sourcecode.c.objc; lineEnding = 0; name = YMAProcessPaymentRequest.m; path = Classes/Request/PaymentProcess/YMAProcessPaymentRequest.m; sourceTree = SOURCE_ROOT; xcLanguageSpecificationIdentifier = xcode.lang.objc; };
		608F75B31934CB3600F45D7F /* YMAIncomingTransferAcceptResponse.h */ = {isa = PBXFileReference; fileEncoding = 4; lastKnownFileType = sourcecode.c.h; name = YMAIncomingTransferAcceptResponse.h; path = Classes/Response/PaymentProcess/YMAIncomingTransferAcceptResponse.h; sourceTree = SOURCE_ROOT; };
		608F75B41934CB3600F45D7F /* YMAIncomingTransferAcceptResponse.m */ = {isa = PBXFileReference; fileEncoding = 4; lastKnownFileType = sourcecode.c.objc; name = YMAIncomingTransferAcceptResponse.m; path = Classes/Response/PaymentProcess/YMAIncomingTransferAcceptResponse.m; sourceTree = SOURCE_ROOT; };
		608F75BB1934CB5600F45D7F /* YMAIncomingTransferAcceptRequest.h */ = {isa = PBXFileReference; fileEncoding = 4; lastKnownFileType = sourcecode.c.h; name = YMAIncomingTransferAcceptRequest.h; path = Classes/Request/PaymentProcess/YMAIncomingTransferAcceptRequest.h; sourceTree = SOURCE_ROOT; };
		608F75BC1934CB5600F45D7F /* YMAIncomingTransferAcceptRequest.m */ = {isa = PBXFileReference; fileEncoding = 4; lastKnownFileType = sourcecode.c.objc; lineEnding = 0; name = YMAIncomingTransferAcceptRequest.m; path = Classes/Request/PaymentProcess/YMAIncomingTransferAcceptRequest.m; sourceTree = SOURCE_ROOT; xcLanguageSpecificationIdentifier = xcode.lang.objc; };
		608F75BD1934CB5600F45D7F /* YMAIncomingTransferRejectRequest.h */ = {isa = PBXFileReference; fileEncoding = 4; lastKnownFileType = sourcecode.c.h; name = YMAIncomingTransferRejectRequest.h; path = Classes/Request/PaymentProcess/YMAIncomingTransferRejectRequest.h; sourceTree = SOURCE_ROOT; };
		608F75BE1934CB5600F45D7F /* YMAIncomingTransferRejectRequest.m */ = {isa = PBXFileReference; fileEncoding = 4; lastKnownFileType = sourcecode.c.objc; lineEnding = 0; name = YMAIncomingTransferRejectRequest.m; path = Classes/Request/PaymentProcess/YMAIncomingTransferRejectRequest.m; sourceTree = SOURCE_ROOT; xcLanguageSpecificationIdentifier = xcode.lang.objc; };
		60B6B4571965866E0042F682 /* YMABaseRequest.h */ = {isa = PBXFileReference; fileEncoding = 4; lastKnownFileType = sourcecode.c.h; lineEnding = 0; name = YMABaseRequest.h; path = Classes/Request/YMABaseRequest.h; sourceTree = SOURCE_ROOT; xcLanguageSpecificationIdentifier = xcode.lang.objcpp; };
		60B6B4581965866E0042F682 /* YMABaseRequest.m */ = {isa = PBXFileReference; fileEncoding = 4; lastKnownFileType = sourcecode.c.objc; lineEnding = 0; name = YMABaseRequest.m; path = Classes/Request/YMABaseRequest.m; sourceTree = SOURCE_ROOT; xcLanguageSpecificationIdentifier = xcode.lang.objc; };
		82C74E3E1C187AC900CF09F1 /* YMAHandlers.h */ = {isa = PBXFileReference; fileEncoding = 4; lastKnownFileType = sourcecode.c.h; path = YMAHandlers.h; sourceTree = "<group>"; };
		8BFF205EC8608008B2A3D5E4 /* YMAAccountInfoModel.h */ = {isa = PBXFileReference; fileEncoding = 4; lastKnownFileType = sourcecode.c.h; path = YMAAccountInfoModel.h; sourceTree = "<group>"; };
		8BFF2064E4C8C49AE00740BB /* YMAProcessExternalPaymentRequest.m */ = {isa = PBXFileReference; fileEncoding = 4; lastKnownFileType = sourcecode.c.objc; lineEnding = 0; name = YMAProcessExternalPaymentRequest.m; path = Classes/Request/PaymentProcess/ExternalPayment/YMAProcessExternalPaymentRequest.m; sourceTree = SOURCE_ROOT; xcLanguageSpecificationIdentifier = xcode.lang.objc; };
		8BFF20FC566A3854252E808A /* YMABalanceDetailsModel.m */ = {isa = PBXFileReference; fileEncoding = 4; lastKnownFileType = sourcecode.c.objc; path = YMABalanceDetailsModel.m; sourceTree = "<group>"; };
		8BFF211BFE1D637546E70B8D /* YMAPaymentResultModel.m */ = {isa = PBXFileReference; fileEncoding = 4; lastKnownFileType = sourcecode.c.objc; path = YMAPaymentResultModel.m; sourceTree = "<group>"; };
		8BFF2147199C0B51AC8ADAE4 /* YMAMoneySourceModel.h */ = {isa = PBXFileReference; fileEncoding = 4; lastKnownFileType = sourcecode.c.h; path = YMAMoneySourceModel.h; sourceTree = "<group>"; };
		8BFF220B53BA9A164CAA13A3 /* YMAAvatarModel.m */ = {isa = PBXFileReference; fileEncoding = 4; lastKnownFileType = sourcecode.c.objc; path = YMAAvatarModel.m; sourceTree = "<group>"; };
		8BFF2255429905AC752DB520 /* YMAGoodsModel.m */ = {isa = PBXFileReference; fileEncoding = 4; lastKnownFileType = sourcecode.c.objc; path = YMAGoodsModel.m; sourceTree = "<group>"; };
		8BFF225A804D6856B2C6572B /* YMAProcessExternalPaymentResponse.m */ = {isa = PBXFileReference; fileEncoding = 4; lastKnownFileType = sourcecode.c.objc; name = YMAProcessExternalPaymentResponse.m; path = Classes/Response/PaymentProcess/ExternalPayment/YMAProcessExternalPaymentResponse.m; sourceTree = SOURCE_ROOT; };
		8BFF22C79FB7D29467E25BE4 /* YMAPaymentInfoModel.m */ = {isa = PBXFileReference; fileEncoding = 4; lastKnownFileType = sourcecode.c.objc; path = YMAPaymentInfoModel.m; sourceTree = "<group>"; };
		8BFF2355AFDBC4EE55694230 /* YMAExternalPaymentRequest.m */ = {isa = PBXFileReference; fileEncoding = 4; lastKnownFileType = sourcecode.c.objc; lineEnding = 0; name = YMAExternalPaymentRequest.m; path = Classes/Request/PaymentProcess/ExternalPayment/YMAExternalPaymentRequest.m; sourceTree = SOURCE_ROOT; xcLanguageSpecificationIdentifier = xcode.lang.objc; };
		8BFF2392162339352AEF8560 /* YMAProcessExternalPaymentResponse.h */ = {isa = PBXFileReference; fileEncoding = 4; lastKnownFileType = sourcecode.c.h; name = YMAProcessExternalPaymentResponse.h; path = Classes/Response/PaymentProcess/ExternalPayment/YMAProcessExternalPaymentResponse.h; sourceTree = SOURCE_ROOT; };
		8BFF24147E42C30AF6A216D7 /* YMAExternalPaymentInfoModel.m */ = {isa = PBXFileReference; fileEncoding = 4; lastKnownFileType = sourcecode.c.objc; path = YMAExternalPaymentInfoModel.m; sourceTree = "<group>"; };
		8BFF251C997D83C7C909A548 /* YMAAvatarModel.h */ = {isa = PBXFileReference; fileEncoding = 4; lastKnownFileType = sourcecode.c.h; path = YMAAvatarModel.h; sourceTree = "<group>"; };
		8BFF252947D95AE8C4521E81 /* YMAOperationDetailsResponse.m */ = {isa = PBXFileReference; fileEncoding = 4; lastKnownFileType = sourcecode.c.objc; name = YMAOperationDetailsResponse.m; path = Classes/Response/AccountInfo/YMAOperationDetailsResponse.m; sourceTree = SOURCE_ROOT; };
		8BFF260DCBDCE8B93B526B91 /* YMAWalletSourceGroupModel.m */ = {isa = PBXFileReference; fileEncoding = 4; lastKnownFileType = sourcecode.c.objc; path = YMAWalletSourceGroupModel.m; sourceTree = "<group>"; };
		8BFF2651BB40614B08F0EA81 /* YMAExternalPaymentResponse.m */ = {isa = PBXFileReference; fileEncoding = 4; lastKnownFileType = sourcecode.c.objc; name = YMAExternalPaymentResponse.m; path = Classes/Response/PaymentProcess/ExternalPayment/YMAExternalPaymentResponse.m; sourceTree = SOURCE_ROOT; };
		8BFF26B74AADF64E399C5FB0 /* YMAWalletSourceGroupModel.h */ = {isa = PBXFileReference; fileEncoding = 4; lastKnownFileType = sourcecode.c.h; path = YMAWalletSourceGroupModel.h; sourceTree = "<group>"; };
		8BFF26C28CA55AB0B45EAF2E /* YMAAscModel.h */ = {isa = PBXFileReference; fileEncoding = 4; lastKnownFileType = sourcecode.c.h; path = YMAAscModel.h; sourceTree = "<group>"; };
		8BFF27308D5D7F3F6BDFD94C /* YMACardsSourceGroupModel.m */ = {isa = PBXFileReference; fileEncoding = 4; lastKnownFileType = sourcecode.c.objc; path = YMACardsSourceGroupModel.m; sourceTree = "<group>"; };
		8BFF2738ADE37FD40EA71164 /* YMABalanceDetailsModel.h */ = {isa = PBXFileReference; fileEncoding = 4; lastKnownFileType = sourcecode.c.h; path = YMABalanceDetailsModel.h; sourceTree = "<group>"; };
		8BFF27D40E844ABDA08CD23C /* YMAExternalPaymentRequest.h */ = {isa = PBXFileReference; fileEncoding = 4; lastKnownFileType = sourcecode.c.h; name = YMAExternalPaymentRequest.h; path = Classes/Request/PaymentProcess/ExternalPayment/YMAExternalPaymentRequest.h; sourceTree = SOURCE_ROOT; };
		8BFF285F0C2C0D320C081AFE /* YMAPaymentInfoModel.h */ = {isa = PBXFileReference; fileEncoding = 4; lastKnownFileType = sourcecode.c.h; path = YMAPaymentInfoModel.h; sourceTree = "<group>"; };
		8BFF28A12B37CD1CB6CCF148 /* YMABaseSession.m */ = {isa = PBXFileReference; fileEncoding = 4; lastKnownFileType = sourcecode.c.objc; lineEnding = 0; path = YMABaseSession.m; sourceTree = "<group>"; xcLanguageSpecificationIdentifier = xcode.lang.objc; };
		8BFF291A2889577E5FBF6727 /* YMAOperationDetailsRequest.m */ = {isa = PBXFileReference; fileEncoding = 4; lastKnownFileType = sourcecode.c.objc; lineEnding = 0; name = YMAOperationDetailsRequest.m; path = Classes/Request/AccountInfo/YMAOperationDetailsRequest.m; sourceTree = SOURCE_ROOT; xcLanguageSpecificationIdentifier = xcode.lang.objc; };
		8BFF293904B8F1396C4DC49A /* YMAAPISession.h */ = {isa = PBXFileReference; fileEncoding = 4; lastKnownFileType = sourcecode.c.h; lineEnding = 0; path = YMAAPISession.h; sourceTree = "<group>"; xcLanguageSpecificationIdentifier = xcode.lang.objcpp; };
		8BFF29406293FEA3A5090E81 /* YMAAccountInfoModel.m */ = {isa = PBXFileReference; fileEncoding = 4; lastKnownFileType = sourcecode.c.objc; path = YMAAccountInfoModel.m; sourceTree = "<group>"; };
		8BFF2A1255EDB62A48BF615D /* YMAHistoryOperationModel.h */ = {isa = PBXFileReference; fileEncoding = 4; lastKnownFileType = sourcecode.c.h; path = YMAHistoryOperationModel.h; sourceTree = "<group>"; };
		8BFF2A1B4124FDF065D762D2 /* YMAExternalPaymentResponse.h */ = {isa = PBXFileReference; fileEncoding = 4; lastKnownFileType = sourcecode.c.h; name = YMAExternalPaymentResponse.h; path = Classes/Response/PaymentProcess/ExternalPayment/YMAExternalPaymentResponse.h; sourceTree = SOURCE_ROOT; };
		8BFF2A5D8B81F1BFE8FB9295 /* YMAExternalPaymentInfoModel.h */ = {isa = PBXFileReference; fileEncoding = 4; lastKnownFileType = sourcecode.c.h; path = YMAExternalPaymentInfoModel.h; sourceTree = "<group>"; };
		8BFF2AC3DB74FF9E507A51F3 /* YMAHostsProvider.h */ = {isa = PBXFileReference; fileEncoding = 4; lastKnownFileType = sourcecode.c.h; path = YMAHostsProvider.h; sourceTree = "<group>"; };
		8BFF2AFBFA8940409B606723 /* YMAOperationDetailsResponse.h */ = {isa = PBXFileReference; fileEncoding = 4; lastKnownFileType = sourcecode.c.h; name = YMAOperationDetailsResponse.h; path = Classes/Response/AccountInfo/YMAOperationDetailsResponse.h; sourceTree = SOURCE_ROOT; };
		8BFF2B5D4A589E5C180D6B2B /* YMAAPISession.m */ = {isa = PBXFileReference; fileEncoding = 4; lastKnownFileType = sourcecode.c.objc; lineEnding = 0; path = YMAAPISession.m; sourceTree = "<group>"; xcLanguageSpecificationIdentifier = xcode.lang.objc; };
		8BFF2B770BDF473D870BF6C0 /* YMADigitalGoodsModel.h */ = {isa = PBXFileReference; fileEncoding = 4; lastKnownFileType = sourcecode.c.h; path = YMADigitalGoodsModel.h; sourceTree = "<group>"; };
		8BFF2B78CE66CA13661549AC /* YMACardsSourceGroupModel.h */ = {isa = PBXFileReference; fileEncoding = 4; lastKnownFileType = sourcecode.c.h; path = YMACardsSourceGroupModel.h; sourceTree = "<group>"; };
		8BFF2B9E8D49F1420DF0DC6B /* YMAPaymentResultModel.h */ = {isa = PBXFileReference; fileEncoding = 4; lastKnownFileType = sourcecode.c.h; path = YMAPaymentResultModel.h; sourceTree = "<group>"; };
		8BFF2C1961C4D2869E191D58 /* YMAMoneySourcesModel.m */ = {isa = PBXFileReference; fileEncoding = 4; lastKnownFileType = sourcecode.c.objc; path = YMAMoneySourcesModel.m; sourceTree = "<group>"; };
		8BFF2C2E972359A9A4899BEE /* YMAGoodsModel.h */ = {isa = PBXFileReference; fileEncoding = 4; lastKnownFileType = sourcecode.c.h; path = YMAGoodsModel.h; sourceTree = "<group>"; };
		8BFF2C7A1FD664BF6CEF70D0 /* YMAMoneySourceModel.m */ = {isa = PBXFileReference; fileEncoding = 4; lastKnownFileType = sourcecode.c.objc; path = YMAMoneySourceModel.m; sourceTree = "<group>"; };
		8BFF2DC406E943E144ECC1F7 /* YMAHistoryOperationModel.m */ = {isa = PBXFileReference; fileEncoding = 4; lastKnownFileType = sourcecode.c.objc; path = YMAHistoryOperationModel.m; sourceTree = "<group>"; };
		8BFF2E05AB79E8DA5846E199 /* YMAAscModel.m */ = {isa = PBXFileReference; fileEncoding = 4; lastKnownFileType = sourcecode.c.objc; path = YMAAscModel.m; sourceTree = "<group>"; };
		8BFF2E3D8D565E4FB3D836B7 /* YMADigitalGoodsModel.m */ = {isa = PBXFileReference; fileEncoding = 4; lastKnownFileType = sourcecode.c.objc; path = YMADigitalGoodsModel.m; sourceTree = "<group>"; };
		8BFF2E6CD4060300AADD7F0E /* YMABaseSession.h */ = {isa = PBXFileReference; fileEncoding = 4; lastKnownFileType = sourcecode.c.h; lineEnding = 0; path = YMABaseSession.h; sourceTree = "<group>"; xcLanguageSpecificationIdentifier = xcode.lang.objcpp; };
		8BFF2E7A681EE978480A5112 /* YMAHostsProvider.m */ = {isa = PBXFileReference; fileEncoding = 4; lastKnownFileType = sourcecode.c.objc; path = YMAHostsProvider.m; sourceTree = "<group>"; };
		8BFF2EB8DE014054BC28F1AA /* YMAOperationDetailsRequest.h */ = {isa = PBXFileReference; fileEncoding = 4; lastKnownFileType = sourcecode.c.h; name = YMAOperationDetailsRequest.h; path = Classes/Request/AccountInfo/YMAOperationDetailsRequest.h; sourceTree = SOURCE_ROOT; };
		8BFF2F991CE1638D7065AC80 /* YMAMoneySourcesModel.h */ = {isa = PBXFileReference; fileEncoding = 4; lastKnownFileType = sourcecode.c.h; path = YMAMoneySourcesModel.h; sourceTree = "<group>"; };
		8BFF2FB63A4098F9B45021FF /* YMAProcessExternalPaymentRequest.h */ = {isa = PBXFileReference; fileEncoding = 4; lastKnownFileType = sourcecode.c.h; name = YMAProcessExternalPaymentRequest.h; path = Classes/Request/PaymentProcess/ExternalPayment/YMAProcessExternalPaymentRequest.h; sourceTree = SOURCE_ROOT; };
/* End PBXFileReference section */

/* Begin PBXFrameworksBuildPhase section */
		43C6B1A318987C4D001BA093 /* Frameworks */ = {
			isa = PBXFrameworksBuildPhase;
			buildActionMask = 2147483647;
			files = (
			);
			runOnlyForDeploymentPostprocessing = 0;
		};
		43C6B1D618987E78001BA093 /* Frameworks */ = {
			isa = PBXFrameworksBuildPhase;
			buildActionMask = 2147483647;
			files = (
			);
			runOnlyForDeploymentPostprocessing = 0;
		};
/* End PBXFrameworksBuildPhase section */

/* Begin PBXGroup section */
		43C6B19D18987C4D001BA093 = {
			isa = PBXGroup;
			children = (
				43C6B1FE18987F67001BA093 /* SDK */,
				43C6B1B118987C4D001BA093 /* Supporting Files */,
				43C6B1A918987C4D001BA093 /* Frameworks */,
				43C6B1A818987C4D001BA093 /* Products */,
			);
			sourceTree = "<group>";
		};
		43C6B1A818987C4D001BA093 /* Products */ = {
			isa = PBXGroup;
			children = (
				43C6B1A718987C4D001BA093 /* ymcpssdk-os.framework */,
				43C6B1D918987E78001BA093 /* libymcpssdk-ios.a */,
			);
			name = Products;
			sourceTree = "<group>";
		};
		43C6B1A918987C4D001BA093 /* Frameworks */ = {
			isa = PBXGroup;
			children = (
				43C6B1AC18987C4D001BA093 /* Other Frameworks */,
			);
			name = Frameworks;
			sourceTree = "<group>";
		};
		43C6B1AC18987C4D001BA093 /* Other Frameworks */ = {
			isa = PBXGroup;
			children = (
			);
			name = "Other Frameworks";
			sourceTree = "<group>";
		};
		43C6B1B118987C4D001BA093 /* Supporting Files */ = {
			isa = PBXGroup;
			children = (
				43C6B209189880A0001BA093 /* ymcpssdk-ios-Prefix.pch */,
				43C6B20518988093001BA093 /* ymcpssdk-os-Info.plist */,
				43C6B20618988093001BA093 /* ymcpssdk-os-Prefix.pch */,
			);
			name = "Supporting Files";
			path = "YandexMoneyEPR-SDK";
			sourceTree = "<group>";
		};
		43C6B1FE18987F67001BA093 /* SDK */ = {
			isa = PBXGroup;
			children = (
				43C6B20A189881F5001BA093 /* Request */,
				43C6B211189881F5001BA093 /* Response */,
				8BFF2320FB13E2A1C4722E73 /* Models */,
				5559180F1A8B7AD000C92967 /* Session */,
				608F750F1907BC2B00F45D7F /* YMAConnection.h */,
				608F75101907BC2B00F45D7F /* YMAConnection.m */,
				608F75111907BC2B00F45D7F /* YMAConstants.h */,
				608F75121907BC2B00F45D7F /* YMAConstants.m */,
				82C74E3E1C187AC900CF09F1 /* YMAHandlers.h */,
				8BFF2AC3DB74FF9E507A51F3 /* YMAHostsProvider.h */,
				8BFF2E7A681EE978480A5112 /* YMAHostsProvider.m */,
			);
			name = SDK;
			path = Classes;
			sourceTree = "<group>";
		};
		43C6B20A189881F5001BA093 /* Request */ = {
			isa = PBXGroup;
			children = (
				8BFF2982A663DD602D316CAE /* AccountInfo */,
				8BFF26AC893FFA5A657A9C40 /* PaymentProcess */,
				60B6B4571965866E0042F682 /* YMABaseRequest.h */,
				60B6B4581965866E0042F682 /* YMABaseRequest.m */,
			);
			name = Request;
			path = SDK/Request;
			sourceTree = "<group>";
		};
		43C6B211189881F5001BA093 /* Response */ = {
			isa = PBXGroup;
			children = (
				8BFF2FEBB894A23E795B2C6F /* PaymentProcess */,
				8BFF2231EE1A71A7183B3076 /* AccountInfo */,
				606E80051938D7340090354C /* YMABaseProcessResponse.h */,
				606E80061938D7340090354C /* YMABaseProcessResponse.m */,
				608F758F192B912000F45D7F /* YMABaseResponse.h */,
				608F7598192B916600F45D7F /* YMABaseResponse.m */,
			);
			name = Response;
			path = SDK/Response;
			sourceTree = "<group>";
		};
		5559180F1A8B7AD000C92967 /* Session */ = {
			isa = PBXGroup;
			children = (
				608F75171907BC2B00F45D7F /* YMAExternalPaymentSession.h */,
				608F75181907BC2B00F45D7F /* YMAExternalPaymentSession.m */,
				8BFF2E6CD4060300AADD7F0E /* YMABaseSession.h */,
				8BFF28A12B37CD1CB6CCF148 /* YMABaseSession.m */,
				8BFF293904B8F1396C4DC49A /* YMAAPISession.h */,
				8BFF2B5D4A589E5C180D6B2B /* YMAAPISession.m */,
			);
			path = Session;
			sourceTree = "<group>";
		};
		8BFF21554E206EEE95AF9123 /* AccountInfo */ = {
			isa = PBXGroup;
			children = (
				8BFF205EC8608008B2A3D5E4 /* YMAAccountInfoModel.h */,
				8BFF29406293FEA3A5090E81 /* YMAAccountInfoModel.m */,
				8BFF251C997D83C7C909A548 /* YMAAvatarModel.h */,
				8BFF220B53BA9A164CAA13A3 /* YMAAvatarModel.m */,
				8BFF2738ADE37FD40EA71164 /* YMABalanceDetailsModel.h */,
				8BFF20FC566A3854252E808A /* YMABalanceDetailsModel.m */,
				8BFF2A1255EDB62A48BF615D /* YMAHistoryOperationModel.h */,
				8BFF2DC406E943E144ECC1F7 /* YMAHistoryOperationModel.m */,
				2DE794A649279376C6AB9585 /* YMAOperationDetailsModel.h */,
				2DE79556322AA7E70F71D29B /* YMAOperationDetailsModel.m */,
			);
			path = AccountInfo;
			sourceTree = "<group>";
		};
		8BFF2231EE1A71A7183B3076 /* AccountInfo */ = {
			isa = PBXGroup;
			children = (
				4399F2D6192EDCAC00CB1B49 /* YMAHistoryOperationsResponse.h */,
				4399F2D7192EDCAC00CB1B49 /* YMAHistoryOperationsResponse.m */,
				608F75A3192E57F000F45D7F /* YMAAccountInfoResponse.h */,
				608F75A4192E57F000F45D7F /* YMAAccountInfoResponse.m */,
				8BFF2AFBFA8940409B606723 /* YMAOperationDetailsResponse.h */,
				8BFF252947D95AE8C4521E81 /* YMAOperationDetailsResponse.m */,
			);
			name = AccountInfo;
			path = Classes/Models/AccountInfo;
			sourceTree = "<group>";
		};
		8BFF2320FB13E2A1C4722E73 /* Models */ = {
			isa = PBXGroup;
			children = (
				8BFF2C3E154D6879D584CD28 /* PaymentProcess */,
				8BFF21554E206EEE95AF9123 /* AccountInfo */,
			);
			path = Models;
			sourceTree = "<group>";
		};
		8BFF24F17B5E8D8E6C430AAD /* ExternalPayment */ = {
			isa = PBXGroup;
			children = (
				8BFF2A5D8B81F1BFE8FB9295 /* YMAExternalPaymentInfoModel.h */,
				8BFF24147E42C30AF6A216D7 /* YMAExternalPaymentInfoModel.m */,
			);
			path = ExternalPayment;
			sourceTree = "<group>";
		};
		8BFF25D28C751203D4E9A06E /* MoneySources */ = {
			isa = PBXGroup;
			children = (
				8BFF2F991CE1638D7065AC80 /* YMAMoneySourcesModel.h */,
				8BFF2C1961C4D2869E191D58 /* YMAMoneySourcesModel.m */,
				8BFF2147199C0B51AC8ADAE4 /* YMAMoneySourceModel.h */,
				8BFF2C7A1FD664BF6CEF70D0 /* YMAMoneySourceModel.m */,
				8BFF26B74AADF64E399C5FB0 /* YMAWalletSourceGroupModel.h */,
				8BFF260DCBDCE8B93B526B91 /* YMAWalletSourceGroupModel.m */,
				8BFF2B78CE66CA13661549AC /* YMACardsSourceGroupModel.h */,
				8BFF27308D5D7F3F6BDFD94C /* YMACardsSourceGroupModel.m */,
			);
			path = MoneySources;
			sourceTree = "<group>";
		};
		8BFF26AC893FFA5A657A9C40 /* PaymentProcess */ = {
			isa = PBXGroup;
			children = (
				8BFF294178F9873ED9B3379B /* ExternalPayment */,
				608F75BB1934CB5600F45D7F /* YMAIncomingTransferAcceptRequest.h */,
				608F75BC1934CB5600F45D7F /* YMAIncomingTransferAcceptRequest.m */,
				608F75BD1934CB5600F45D7F /* YMAIncomingTransferRejectRequest.h */,
				608F75BE1934CB5600F45D7F /* YMAIncomingTransferRejectRequest.m */,
				608F75AB192E582600F45D7F /* YMAPaymentRequest.h */,
				608F75AC192E582600F45D7F /* YMAPaymentRequest.m */,
				608F75AD192E582600F45D7F /* YMAProcessPaymentRequest.h */,
				608F75AE192E582600F45D7F /* YMAProcessPaymentRequest.m */,
			);
			name = PaymentProcess;
			sourceTree = "<group>";
		};
		8BFF276461EC66E5BC036CF9 /* ExternalPayment */ = {
			isa = PBXGroup;
			children = (
				8BFF2392162339352AEF8560 /* YMAProcessExternalPaymentResponse.h */,
				8BFF2651BB40614B08F0EA81 /* YMAExternalPaymentResponse.m */,
				8BFF2A1B4124FDF065D762D2 /* YMAExternalPaymentResponse.h */,
				8BFF225A804D6856B2C6572B /* YMAProcessExternalPaymentResponse.m */,
			);
			name = ExternalPayment;
			path = Classes/Response/PaymentProcess/ExternalPayment;
			sourceTree = "<group>";
		};
		8BFF294178F9873ED9B3379B /* ExternalPayment */ = {
			isa = PBXGroup;
			children = (
				8BFF27D40E844ABDA08CD23C /* YMAExternalPaymentRequest.h */,
				8BFF2355AFDBC4EE55694230 /* YMAExternalPaymentRequest.m */,
				8BFF2FB63A4098F9B45021FF /* YMAProcessExternalPaymentRequest.h */,
				8BFF2064E4C8C49AE00740BB /* YMAProcessExternalPaymentRequest.m */,
			);
			name = ExternalPayment;
			path = Classes/Request/PaymentProcess/ExternalPayment;
			sourceTree = "<group>";
		};
		8BFF2982A663DD602D316CAE /* AccountInfo */ = {
			isa = PBXGroup;
			children = (
				4399F2DC192EDCD100CB1B49 /* YMAChangeAvatarRequest.h */,
				4399F2DD192EDCD100CB1B49 /* YMAChangeAvatarRequest.m */,
				4399F2DE192EDCD100CB1B49 /* YMAHistoryOperationsRequest.h */,
				4399F2DF192EDCD100CB1B49 /* YMAHistoryOperationsRequest.m */,
				608F75A7192E581300F45D7F /* YMAAccountInfoRequest.h */,
				608F75A8192E581300F45D7F /* YMAAccountInfoRequest.m */,
				8BFF291A2889577E5FBF6727 /* YMAOperationDetailsRequest.m */,
				8BFF2EB8DE014054BC28F1AA /* YMAOperationDetailsRequest.h */,
			);
			name = AccountInfo;
			path = Classes/Request/AccountInfo;
			sourceTree = "<group>";
		};
		8BFF2C3E154D6879D584CD28 /* PaymentProcess */ = {
			isa = PBXGroup;
			children = (
				8BFF24F17B5E8D8E6C430AAD /* ExternalPayment */,
				8BFF25D28C751203D4E9A06E /* MoneySources */,
				8BFF26C28CA55AB0B45EAF2E /* YMAAscModel.h */,
				8BFF2E05AB79E8DA5846E199 /* YMAAscModel.m */,
				8BFF285F0C2C0D320C081AFE /* YMAPaymentInfoModel.h */,
				8BFF22C79FB7D29467E25BE4 /* YMAPaymentInfoModel.m */,
				8BFF2B9E8D49F1420DF0DC6B /* YMAPaymentResultModel.h */,
				8BFF211BFE1D637546E70B8D /* YMAPaymentResultModel.m */,
				8BFF2C2E972359A9A4899BEE /* YMAGoodsModel.h */,
				8BFF2255429905AC752DB520 /* YMAGoodsModel.m */,
				8BFF2B770BDF473D870BF6C0 /* YMADigitalGoodsModel.h */,
				8BFF2E3D8D565E4FB3D836B7 /* YMADigitalGoodsModel.m */,
			);
			path = PaymentProcess;
			sourceTree = "<group>";
		};
		8BFF2FEBB894A23E795B2C6F /* PaymentProcess */ = {
			isa = PBXGroup;
			children = (
				8BFF276461EC66E5BC036CF9 /* ExternalPayment */,
				608F75B31934CB3600F45D7F /* YMAIncomingTransferAcceptResponse.h */,
				608F75B41934CB3600F45D7F /* YMAIncomingTransferAcceptResponse.m */,
				608F759B192E57D100F45D7F /* YMAPaymentResponse.h */,
				608F759C192E57D100F45D7F /* YMAPaymentResponse.m */,
				608F759D192E57D100F45D7F /* YMAProcessPaymentResponse.h */,
				608F759E192E57D100F45D7F /* YMAProcessPaymentResponse.m */,
			);
			name = PaymentProcess;
			path = Classes/Response/PaymentProcess;
			sourceTree = "<group>";
		};
/* End PBXGroup section */

/* Begin PBXHeadersBuildPhase section */
		43C6B1A418987C4D001BA093 /* Headers */ = {
			isa = PBXHeadersBuildPhase;
			buildActionMask = 2147483647;
			files = (
				608F75BF1934CB5600F45D7F /* YMAIncomingTransferAcceptRequest.h in Headers */,
				608F75241907BC2B00F45D7F /* YMAExternalPaymentSession.h in Headers */,
				608F7591192B912000F45D7F /* YMABaseResponse.h in Headers */,
				608F751C1907BC2B00F45D7F /* YMAConnection.h in Headers */,
				608F751E1907BC2B00F45D7F /* YMAConstants.h in Headers */,
				608F75C11934CB5600F45D7F /* YMAIncomingTransferRejectRequest.h in Headers */,
				43C6B20818988093001BA093 /* ymcpssdk-os-Prefix.pch in Headers */,
				606E80071938D7340090354C /* YMABaseProcessResponse.h in Headers */,
				60B6B4591965866E0042F682 /* YMABaseRequest.h in Headers */,
				8BFF249992A8DB7A1E693934 /* YMABaseSession.h in Headers */,
				8BFF2CFDFFD95CB2450C64B3 /* YMAAPISession.h in Headers */,
				608F759F192E57D100F45D7F /* YMAPaymentResponse.h in Headers */,
				8BFF21244B6772E785D51CB1 /* YMAHostsProvider.h in Headers */,
				8BFF205B91D768277A380345 /* YMAExternalPaymentRequest.h in Headers */,
				8BFF26BCA47DA2C2B590ED7C /* YMAProcessExternalPaymentRequest.h in Headers */,
				82C74E3F1C187AC900CF09F1 /* YMAHandlers.h in Headers */,
				4399F2E2192EDCD100CB1B49 /* YMAHistoryOperationsRequest.h in Headers */,
				8BFF2942BEF6F7C531F6DDD6 /* YMAProcessExternalPaymentResponse.h in Headers */,
				8BFF239E9F8240AB02E4758C /* YMAExternalPaymentResponse.h in Headers */,
				8BFF2F7484D88270787D08D5 /* YMAExternalPaymentInfoModel.h in Headers */,
				8BFF2E35B7AA1B1075CFFB77 /* YMAAscModel.h in Headers */,
				8BFF2F829BC3449C35102615 /* YMAMoneySourcesModel.h in Headers */,
				608F75A5192E57F000F45D7F /* YMAAccountInfoResponse.h in Headers */,
				8BFF21E6FE6BED325824CB11 /* YMAMoneySourceModel.h in Headers */,
				608F75B1192E582600F45D7F /* YMAProcessPaymentRequest.h in Headers */,
				8BFF2F02C3E5BFDE49A4067E /* YMAWalletSourceGroupModel.h in Headers */,
				4399F2DA192EDCAC00CB1B49 /* YMAHistoryOperationsResponse.h in Headers */,
				608F75A1192E57D100F45D7F /* YMAProcessPaymentResponse.h in Headers */,
				8BFF2F093124E4C705E0BCF9 /* YMAPaymentInfoModel.h in Headers */,
				608F75A9192E581300F45D7F /* YMAAccountInfoRequest.h in Headers */,
				8BFF27E19256A440670F7BF8 /* YMACardsSourceGroupModel.h in Headers */,
				8BFF268EF28F4CF57FAA5CAB /* YMAPaymentResultModel.h in Headers */,
				8BFF2F63795DDBA1874C384F /* YMAGoodsModel.h in Headers */,
				608F75AF192E582600F45D7F /* YMAPaymentRequest.h in Headers */,
				8BFF29C71AE9FBFB696DB118 /* YMADigitalGoodsModel.h in Headers */,
				8BFF2080FCB88745F9E5C483 /* YMAAccountInfoModel.h in Headers */,
				8BFF25FC21C0552EEC9C8E98 /* YMAAvatarModel.h in Headers */,
				8BFF2E48F99D86BE1BC25F20 /* YMABalanceDetailsModel.h in Headers */,
				4399F2E0192EDCD100CB1B49 /* YMAChangeAvatarRequest.h in Headers */,
				8BFF258289DD4BB81B669DC9 /* YMAHistoryOperationModel.h in Headers */,
				8BFF2BECBE8D4EFAEB8BE8CD /* YMAOperationDetailsRequest.h in Headers */,
				608F75B71934CB3600F45D7F /* YMAIncomingTransferAcceptResponse.h in Headers */,
				8BFF2ABB534BF6BBC842441F /* YMAOperationDetailsResponse.h in Headers */,
				2DE79A3FE58C4A31226E800F /* YMAOperationDetailsModel.h in Headers */,
			);
			runOnlyForDeploymentPostprocessing = 0;
		};
		60B4F30B189A90D900522230 /* Headers */ = {
			isa = PBXHeadersBuildPhase;
			buildActionMask = 2147483647;
			files = (
				608F7592192B912000F45D7F /* YMABaseResponse.h in Headers */,
				8BFF2991EED15B604934A603 /* YMABaseSession.h in Headers */,
				8BFF2F02A1CE7D4B3A93774A /* YMAAPISession.h in Headers */,
				8BFF28E0C458F1C779BFD7F4 /* YMAHostsProvider.h in Headers */,
				8BFF2D1637DBBD163931335B /* YMAMoneySourcesModel.h in Headers */,
				8BFF24854977176B06F51E68 /* YMAWalletSourceGroupModel.h in Headers */,
				8BFF284AC046C40FC69E084C /* YMAPaymentInfoModel.h in Headers */,
				8BFF2A126C243F76990569C4 /* YMACardsSourceGroupModel.h in Headers */,
				8BFF2D943A62B2268F2C9A7E /* YMAPaymentResultModel.h in Headers */,
				8BFF281696C2DE99B014C8BF /* YMAGoodsModel.h in Headers */,
				8BFF24B67DD429E97D359BDE /* YMADigitalGoodsModel.h in Headers */,
				8BFF2B0DA8EFC41A039544C5 /* YMAAccountInfoModel.h in Headers */,
				8BFF2B2E7EFEA51A07F2E303 /* YMAAvatarModel.h in Headers */,
				8BFF2CFFBF910F0B49710ED9 /* YMABalanceDetailsModel.h in Headers */,
				8BFF2216D7DBD045A30025ED /* YMAHistoryOperationModel.h in Headers */,
				8BFF26CB0804A80950772D7C /* YMAOperationDetailsRequest.h in Headers */,
				8BFF25750A38972CF24BCD5D /* YMAOperationDetailsResponse.h in Headers */,
				2DE7925D16032BD0AB5F8291 /* YMAOperationDetailsModel.h in Headers */,
			);
			runOnlyForDeploymentPostprocessing = 0;
		};
/* End PBXHeadersBuildPhase section */

/* Begin PBXNativeTarget section */
		43C6B1A618987C4D001BA093 /* ymcpssdk-os */ = {
			isa = PBXNativeTarget;
			buildConfigurationList = 43C6B1CF18987C4D001BA093 /* Build configuration list for PBXNativeTarget "ymcpssdk-os" */;
			buildPhases = (
				43C6B1A218987C4D001BA093 /* Sources */,
				43C6B1A318987C4D001BA093 /* Frameworks */,
				43C6B1A418987C4D001BA093 /* Headers */,
				43C6B1A518987C4D001BA093 /* Resources */,
			);
			buildRules = (
			);
			dependencies = (
			);
			name = "ymcpssdk-os";
			productName = "YandexMoneyEPR-SDK";
			productReference = 43C6B1A718987C4D001BA093 /* ymcpssdk-os.framework */;
			productType = "com.apple.product-type.framework";
		};
		43C6B1D818987E78001BA093 /* ymcpssdk-ios */ = {
			isa = PBXNativeTarget;
			buildConfigurationList = 43C6B1F818987E78001BA093 /* Build configuration list for PBXNativeTarget "ymcpssdk-ios" */;
			buildPhases = (
				43C6B1D518987E78001BA093 /* Sources */,
				43C6B1D618987E78001BA093 /* Frameworks */,
				43C6B1D718987E78001BA093 /* CopyFiles */,
				60B4F30B189A90D900522230 /* Headers */,
			);
			buildRules = (
			);
			dependencies = (
			);
			name = "ymcpssdk-ios";
			productName = "ym-epr-sdk-ios";
			productReference = 43C6B1D918987E78001BA093 /* libymcpssdk-ios.a */;
			productType = "com.apple.product-type.library.static";
		};
/* End PBXNativeTarget section */

/* Begin PBXProject section */
		43C6B19E18987C4D001BA093 /* Project object */ = {
			isa = PBXProject;
			attributes = {
				LastUpgradeCheck = 0610;
				ORGANIZATIONNAME = Yandex.Money;
			};
			buildConfigurationList = 43C6B1A118987C4D001BA093 /* Build configuration list for PBXProject "yandex-money-sdk-objc" */;
			compatibilityVersion = "Xcode 3.2";
			developmentRegion = English;
			hasScannedForEncodings = 0;
			knownRegions = (
				en,
			);
			mainGroup = 43C6B19D18987C4D001BA093;
			productRefGroup = 43C6B1A818987C4D001BA093 /* Products */;
			projectDirPath = "";
			projectRoot = "";
			targets = (
				43C6B1A618987C4D001BA093 /* ymcpssdk-os */,
				43C6B1D818987E78001BA093 /* ymcpssdk-ios */,
			);
		};
/* End PBXProject section */

/* Begin PBXResourcesBuildPhase section */
		43C6B1A518987C4D001BA093 /* Resources */ = {
			isa = PBXResourcesBuildPhase;
			buildActionMask = 2147483647;
			files = (
				43C6B20718988093001BA093 /* ymcpssdk-os-Info.plist in Resources */,
			);
			runOnlyForDeploymentPostprocessing = 0;
		};
/* End PBXResourcesBuildPhase section */

/* Begin PBXSourcesBuildPhase section */
		43C6B1A218987C4D001BA093 /* Sources */ = {
			isa = PBXSourcesBuildPhase;
			buildActionMask = 2147483647;
			files = (
				4399F2E3192EDCD100CB1B49 /* YMAHistoryOperationsRequest.m in Sources */,
				608F75C21934CB5600F45D7F /* YMAIncomingTransferRejectRequest.m in Sources */,
				608F75251907BC2B00F45D7F /* YMAExternalPaymentSession.m in Sources */,
				608F75A2192E57D100F45D7F /* YMAProcessPaymentResponse.m in Sources */,
				608F7599192B916600F45D7F /* YMABaseResponse.m in Sources */,
				608F751F1907BC2B00F45D7F /* YMAConstants.m in Sources */,
				608F751D1907BC2B00F45D7F /* YMAConnection.m in Sources */,
				4399F2E1192EDCD100CB1B49 /* YMAChangeAvatarRequest.m in Sources */,
				8BFF28FB8C95858D514CAD3A /* YMABaseSession.m in Sources */,
				608F75B2192E582600F45D7F /* YMAProcessPaymentRequest.m in Sources */,
				8BFF21D9644AA982E427E245 /* YMAAPISession.m in Sources */,
				4399F2DB192EDCAC00CB1B49 /* YMAHistoryOperationsResponse.m in Sources */,
				8BFF2938521FDF4C7DCBC653 /* YMAHostsProvider.m in Sources */,
				8BFF2EEF2B19DF3E76F4CF8C /* YMAExternalPaymentRequest.m in Sources */,
				8BFF2F148267B4A53A468CDF /* YMAProcessExternalPaymentRequest.m in Sources */,
				8BFF2E1B73746D312F4019F1 /* YMAExternalPaymentResponse.m in Sources */,
				8BFF20088AE959020E56BE00 /* YMAProcessExternalPaymentResponse.m in Sources */,
				8BFF2536F16EFF977B67EF75 /* YMAExternalPaymentInfoModel.m in Sources */,
				60B6B45A1965866E0042F682 /* YMABaseRequest.m in Sources */,
				8BFF247D4DDE9F8AAC66D889 /* YMAAscModel.m in Sources */,
				606E80081938D7340090354C /* YMABaseProcessResponse.m in Sources */,
				608F75B0192E582600F45D7F /* YMAPaymentRequest.m in Sources */,
				8BFF219F8C698239CD821CE4 /* YMAMoneySourceModel.m in Sources */,
				8BFF224F639B8F8C8903D731 /* YMAMoneySourcesModel.m in Sources */,
				8BFF2D43F8055F17E5596E92 /* YMAWalletSourceGroupModel.m in Sources */,
				8BFF23DF0E4A8F0E7FD34923 /* YMAPaymentInfoModel.m in Sources */,
				608F75A6192E57F000F45D7F /* YMAAccountInfoResponse.m in Sources */,
				608F75AA192E581400F45D7F /* YMAAccountInfoRequest.m in Sources */,
				8BFF2B422EB74970E5D01C10 /* YMACardsSourceGroupModel.m in Sources */,
				8BFF2297B7149E7162AB9B60 /* YMAPaymentResultModel.m in Sources */,
				8BFF2197D39288FBDE147810 /* YMAGoodsModel.m in Sources */,
				8BFF22D244DA8824D9FF86AE /* YMADigitalGoodsModel.m in Sources */,
				8BFF250B9F588B19CC870BEC /* YMAAccountInfoModel.m in Sources */,
				608F75A0192E57D100F45D7F /* YMAPaymentResponse.m in Sources */,
				8BFF28B8C1329527D18C0290 /* YMAAvatarModel.m in Sources */,
				608F75B81934CB3600F45D7F /* YMAIncomingTransferAcceptResponse.m in Sources */,
				8BFF274EC4922816816E4DFD /* YMABalanceDetailsModel.m in Sources */,
				8BFF2C805AA9D608E394FBF3 /* YMAHistoryOperationModel.m in Sources */,
				8BFF25C52416BA97138809DF /* YMAOperationDetailsRequest.m in Sources */,
				8BFF21F7815E685639D053FD /* YMAOperationDetailsResponse.m in Sources */,
				608F75C01934CB5600F45D7F /* YMAIncomingTransferAcceptRequest.m in Sources */,
				2DE7992C873452AA3FC5DC43 /* YMAOperationDetailsModel.m in Sources */,
			);
			runOnlyForDeploymentPostprocessing = 0;
		};
		43C6B1D518987E78001BA093 /* Sources */ = {
			isa = PBXSourcesBuildPhase;
			buildActionMask = 2147483647;
			files = (
				8BFF2EDDE39420B8098048E0 /* YMABaseSession.m in Sources */,
				608F759A192B916600F45D7F /* YMABaseResponse.m in Sources */,
				8BFF23564159228ED33BAAB9 /* YMAAPISession.m in Sources */,
				8BFF2E45A71319E84C1B608C /* YMAHostsProvider.m in Sources */,
				8BFF22965BEA4A20BFFDA36A /* YMAMoneySourcesModel.m in Sources */,
				8BFF23D548D765F4EC1D1290 /* YMAWalletSourceGroupModel.m in Sources */,
				8BFF2CB2D4827478E6A5E1E7 /* YMAPaymentInfoModel.m in Sources */,
				8BFF2243E7E501D0272B28AC /* YMACardsSourceGroupModel.m in Sources */,
				8BFF2769D043B9D00C3E5F06 /* YMAPaymentResultModel.m in Sources */,
				8BFF2EFEE61A2901D474EE8D /* YMAGoodsModel.m in Sources */,
				8BFF2E531DE3E4AB703711B1 /* YMADigitalGoodsModel.m in Sources */,
				8BFF2083CC00FB3AA0B35BBE /* YMAAccountInfoModel.m in Sources */,
				8BFF2EF7F1949278CFBFC9E5 /* YMAAvatarModel.m in Sources */,
				8BFF298452D4D8603263DE55 /* YMABalanceDetailsModel.m in Sources */,
				8BFF2648FBBBDAC003AA5D51 /* YMAHistoryOperationModel.m in Sources */,
				8BFF25580586CC7D56BE9E30 /* YMAOperationDetailsRequest.m in Sources */,
				8BFF2FB187B8B50BD366D10E /* YMAOperationDetailsResponse.m in Sources */,
				2DE79C582CC9E728011BC5E4 /* YMAOperationDetailsModel.m in Sources */,
			);
			runOnlyForDeploymentPostprocessing = 0;
		};
/* End PBXSourcesBuildPhase section */

/* Begin XCBuildConfiguration section */
		43C6B1CD18987C4D001BA093 /* Debug */ = {
			isa = XCBuildConfiguration;
			buildSettings = {
				ALWAYS_SEARCH_USER_PATHS = NO;
				CLANG_CXX_LANGUAGE_STANDARD = "gnu++0x";
				CLANG_CXX_LIBRARY = "libc++";
				CLANG_ENABLE_MODULES = YES;
				CLANG_ENABLE_OBJC_ARC = YES;
				CLANG_WARN_BOOL_CONVERSION = YES;
				CLANG_WARN_CONSTANT_CONVERSION = YES;
				CLANG_WARN_DIRECT_OBJC_ISA_USAGE = YES_ERROR;
				CLANG_WARN_EMPTY_BODY = YES;
				CLANG_WARN_ENUM_CONVERSION = YES;
				CLANG_WARN_INT_CONVERSION = YES;
				CLANG_WARN_OBJC_ROOT_CLASS = YES_ERROR;
				CLANG_WARN__DUPLICATE_METHOD_MATCH = YES;
				COPY_PHASE_STRIP = NO;
				GCC_C_LANGUAGE_STANDARD = gnu99;
				GCC_DYNAMIC_NO_PIC = NO;
				GCC_ENABLE_OBJC_EXCEPTIONS = YES;
				GCC_OPTIMIZATION_LEVEL = 0;
				GCC_PREPROCESSOR_DEFINITIONS = (
					"DEBUG=1",
					"$(inherited)",
				);
				GCC_SYMBOLS_PRIVATE_EXTERN = NO;
				GCC_WARN_64_TO_32_BIT_CONVERSION = YES;
				GCC_WARN_ABOUT_RETURN_TYPE = YES_ERROR;
				GCC_WARN_UNDECLARED_SELECTOR = YES;
				GCC_WARN_UNINITIALIZED_AUTOS = YES;
				GCC_WARN_UNUSED_FUNCTION = YES;
				GCC_WARN_UNUSED_VARIABLE = YES;
				MACOSX_DEPLOYMENT_TARGET = 10.9;
				ONLY_ACTIVE_ARCH = YES;
				SDKROOT = "No SDK";
				VALID_ARCHS = "i386 x86_64 armv7 arm64 armv7s";
			};
			name = Debug;
		};
		43C6B1CE18987C4D001BA093 /* Release */ = {
			isa = XCBuildConfiguration;
			buildSettings = {
				ALWAYS_SEARCH_USER_PATHS = NO;
				CLANG_CXX_LANGUAGE_STANDARD = "gnu++0x";
				CLANG_CXX_LIBRARY = "libc++";
				CLANG_ENABLE_MODULES = YES;
				CLANG_ENABLE_OBJC_ARC = YES;
				CLANG_WARN_BOOL_CONVERSION = YES;
				CLANG_WARN_CONSTANT_CONVERSION = YES;
				CLANG_WARN_DIRECT_OBJC_ISA_USAGE = YES_ERROR;
				CLANG_WARN_EMPTY_BODY = YES;
				CLANG_WARN_ENUM_CONVERSION = YES;
				CLANG_WARN_INT_CONVERSION = YES;
				CLANG_WARN_OBJC_ROOT_CLASS = YES_ERROR;
				CLANG_WARN__DUPLICATE_METHOD_MATCH = YES;
				COPY_PHASE_STRIP = YES;
				DEBUG_INFORMATION_FORMAT = "dwarf-with-dsym";
				ENABLE_NS_ASSERTIONS = NO;
				GCC_C_LANGUAGE_STANDARD = gnu99;
				GCC_ENABLE_OBJC_EXCEPTIONS = YES;
				GCC_WARN_64_TO_32_BIT_CONVERSION = YES;
				GCC_WARN_ABOUT_RETURN_TYPE = YES_ERROR;
				GCC_WARN_UNDECLARED_SELECTOR = YES;
				GCC_WARN_UNINITIALIZED_AUTOS = YES;
				GCC_WARN_UNUSED_FUNCTION = YES;
				GCC_WARN_UNUSED_VARIABLE = YES;
				MACOSX_DEPLOYMENT_TARGET = 10.9;
				SDKROOT = "No SDK";
				VALID_ARCHS = "i386 x86_64 armv7 arm64 armv7s";
			};
			name = Release;
		};
		43C6B1D018987C4D001BA093 /* Debug */ = {
			isa = XCBuildConfiguration;
			buildSettings = {
				COMBINE_HIDPI_IMAGES = YES;
				DYLIB_COMPATIBILITY_VERSION = 1;
				DYLIB_CURRENT_VERSION = 1;
				FRAMEWORK_VERSION = A;
				GCC_PRECOMPILE_PREFIX_HEADER = YES;
				GCC_PREFIX_HEADER = "SupportingFiles/ymcpssdk-os-Prefix.pch";
				INFOPLIST_FILE = "SupportingFiles/ymcpssdk-os-Info.plist";
				INSTALL_PATH = "@executable_path/../Frameworks";
				MACOSX_DEPLOYMENT_TARGET = 10.7;
				PRODUCT_NAME = "$(TARGET_NAME)";
				SDKROOT = macosx;
				VALID_ARCHS = x86_64;
				WRAPPER_EXTENSION = framework;
			};
			name = Debug;
		};
		43C6B1D118987C4D001BA093 /* Release */ = {
			isa = XCBuildConfiguration;
			buildSettings = {
				COMBINE_HIDPI_IMAGES = YES;
				DYLIB_COMPATIBILITY_VERSION = 1;
				DYLIB_CURRENT_VERSION = 1;
				FRAMEWORK_VERSION = A;
				GCC_PRECOMPILE_PREFIX_HEADER = YES;
				GCC_PREFIX_HEADER = "SupportingFiles/ymcpssdk-os-Prefix.pch";
				INFOPLIST_FILE = "SupportingFiles/ymcpssdk-os-Info.plist";
				INSTALL_PATH = "@executable_path/../Frameworks";
				MACOSX_DEPLOYMENT_TARGET = 10.7;
				PRODUCT_NAME = "$(TARGET_NAME)";
				SDKROOT = macosx;
				VALID_ARCHS = x86_64;
				WRAPPER_EXTENSION = framework;
			};
			name = Release;
		};
		43C6B1F918987E78001BA093 /* Debug */ = {
			isa = XCBuildConfiguration;
			buildSettings = {
				CLANG_ENABLE_MODULES = YES;
				DSTROOT = /tmp/ymcpssdk_ios.dst;
				FRAMEWORK_SEARCH_PATHS = (
					"$(inherited)",
					"$(DEVELOPER_FRAMEWORKS_DIR)",
				);
				GCC_PRECOMPILE_PREFIX_HEADER = YES;
				GCC_PREFIX_HEADER = "SupportingFiles/ymcpssdk-ios-Prefix.pch";
				GCC_PREPROCESSOR_DEFINITIONS = (
					"DEBUG=1",
					"$(inherited)",
				);
				HEADER_SEARCH_PATHS = (
					"$(inherited)",
					/Applications/Xcode,
					2.app/Contents/Developer/Toolchains/XcodeDefault.xctoolchain/usr/include,
				);
				IPHONEOS_DEPLOYMENT_TARGET = 7.0;
				OTHER_LDFLAGS = "-ObjC";
				PRIVATE_HEADERS_FOLDER_PATH = "/include/$(PRODUCT_NAME)";
				PRODUCT_NAME = "$(TARGET_NAME)";
				PUBLIC_HEADERS_FOLDER_PATH = "/include/$(PRODUCT_NAME)";
				SDKROOT = iphoneos;
				SKIP_INSTALL = YES;
				VALID_ARCHS = "arm64 armv7 armv7s i386";
			};
			name = Debug;
		};
		43C6B1FA18987E78001BA093 /* Release */ = {
			isa = XCBuildConfiguration;
			buildSettings = {
				CLANG_ENABLE_MODULES = YES;
				DSTROOT = /tmp/ymcpssdk_ios.dst;
				FRAMEWORK_SEARCH_PATHS = (
					"$(inherited)",
					"$(DEVELOPER_FRAMEWORKS_DIR)",
				);
				GCC_PRECOMPILE_PREFIX_HEADER = YES;
				GCC_PREFIX_HEADER = "SupportingFiles/ymcpssdk-ios-Prefix.pch";
				HEADER_SEARCH_PATHS = (
					"$(inherited)",
					/Applications/Xcode,
					2.app/Contents/Developer/Toolchains/XcodeDefault.xctoolchain/usr/include,
				);
				IPHONEOS_DEPLOYMENT_TARGET = 7.0;
				ONLY_ACTIVE_ARCH = YES;
				OTHER_LDFLAGS = "-ObjC";
				PRIVATE_HEADERS_FOLDER_PATH = "/include/$(PRODUCT_NAME)";
				PRODUCT_NAME = "$(TARGET_NAME)";
				PUBLIC_HEADERS_FOLDER_PATH = "/include/$(PRODUCT_NAME)";
				SDKROOT = iphoneos;
				SKIP_INSTALL = YES;
				VALIDATE_PRODUCT = YES;
				VALID_ARCHS = "arm64 armv7 armv7s i386";
			};
			name = Release;
		};
/* End XCBuildConfiguration section */

/* Begin XCConfigurationList section */
		43C6B1A118987C4D001BA093 /* Build configuration list for PBXProject "yandex-money-sdk-objc" */ = {
			isa = XCConfigurationList;
			buildConfigurations = (
				43C6B1CD18987C4D001BA093 /* Debug */,
				43C6B1CE18987C4D001BA093 /* Release */,
			);
			defaultConfigurationIsVisible = 0;
			defaultConfigurationName = Release;
		};
		43C6B1CF18987C4D001BA093 /* Build configuration list for PBXNativeTarget "ymcpssdk-os" */ = {
			isa = XCConfigurationList;
			buildConfigurations = (
				43C6B1D018987C4D001BA093 /* Debug */,
				43C6B1D118987C4D001BA093 /* Release */,
			);
			defaultConfigurationIsVisible = 0;
			defaultConfigurationName = Release;
		};
		43C6B1F818987E78001BA093 /* Build configuration list for PBXNativeTarget "ymcpssdk-ios" */ = {
			isa = XCConfigurationList;
			buildConfigurations = (
				43C6B1F918987E78001BA093 /* Debug */,
				43C6B1FA18987E78001BA093 /* Release */,
			);
			defaultConfigurationIsVisible = 0;
			defaultConfigurationName = Release;
		};
/* End XCConfigurationList section */
	};
	rootObject = 43C6B19E18987C4D001BA093 /* Project object */;
}
